
Microsoft Visual Studio Solution File, Format Version 12.00
# Visual Studio Version 17
VisualStudioVersion = 17.4.33122.133
MinimumVisualStudioVersion = 10.0.40219.1
Project("{9A19103F-16F7-4668-BE54-9A1E7A4F7556}") = "AOC2022", "2022\AOC2022.csproj", "{CC8C394B-96C9-4E16-893D-E72096A704DF}"
EndProject
Project("{9A19103F-16F7-4668-BE54-9A1E7A4F7556}") = "AOC2021", "2021\AOC2021.csproj", "{0B7369B2-EE67-466D-81A1-A291B971F18C}"
EndProject
Project("{9A19103F-16F7-4668-BE54-9A1E7A4F7556}") = "AOC.Helpers", "Helpers\AOC.Helpers.csproj", "{BD8381C6-5AF4-44BF-B55D-45A6F3A26AD5}"
EndProject
Project("{FAE04EC0-301F-11D3-BF4B-00C04F79EFBC}") = "AOC2023", "2023\AOC2023.csproj", "{F67EBE82-2AB8-43DA-B57A-1C4D444C454B}"
EndProject
Global
	GlobalSection(SolutionConfigurationPlatforms) = preSolution
		Debug|Any CPU = Debug|Any CPU
		Release|Any CPU = Release|Any CPU
	EndGlobalSection
	GlobalSection(ProjectConfigurationPlatforms) = postSolution
		{CC8C394B-96C9-4E16-893D-E72096A704DF}.Debug|Any CPU.ActiveCfg = Debug|Any CPU
		{CC8C394B-96C9-4E16-893D-E72096A704DF}.Debug|Any CPU.Build.0 = Debug|Any CPU
		{CC8C394B-96C9-4E16-893D-E72096A704DF}.Release|Any CPU.ActiveCfg = Release|Any CPU
		{CC8C394B-96C9-4E16-893D-E72096A704DF}.Release|Any CPU.Build.0 = Release|Any CPU
		{0B7369B2-EE67-466D-81A1-A291B971F18C}.Debug|Any CPU.ActiveCfg = Debug|Any CPU
		{0B7369B2-EE67-466D-81A1-A291B971F18C}.Debug|Any CPU.Build.0 = Debug|Any CPU
		{0B7369B2-EE67-466D-81A1-A291B971F18C}.Release|Any CPU.ActiveCfg = Release|Any CPU
		{0B7369B2-EE67-466D-81A1-A291B971F18C}.Release|Any CPU.Build.0 = Release|Any CPU
		{BD8381C6-5AF4-44BF-B55D-45A6F3A26AD5}.Debug|Any CPU.ActiveCfg = Debug|Any CPU
		{BD8381C6-5AF4-44BF-B55D-45A6F3A26AD5}.Debug|Any CPU.Build.0 = Debug|Any CPU
		{BD8381C6-5AF4-44BF-B55D-45A6F3A26AD5}.Release|Any CPU.ActiveCfg = Release|Any CPU
		{BD8381C6-5AF4-44BF-B55D-45A6F3A26AD5}.Release|Any CPU.Build.0 = Release|Any CPU
		{F67EBE82-2AB8-43DA-B57A-1C4D444C454B}.Debug|Any CPU.ActiveCfg = Debug|Any CPU
		{F67EBE82-2AB8-43DA-B57A-1C4D444C454B}.Debug|Any CPU.Build.0 = Debug|Any CPU
		{F67EBE82-2AB8-43DA-B57A-1C4D444C454B}.Release|Any CPU.ActiveCfg = Release|Any CPU
		{F67EBE82-2AB8-43DA-B57A-1C4D444C454B}.Release|Any CPU.Build.0 = Release|Any CPU
	EndGlobalSection
	GlobalSection(SolutionProperties) = preSolution
		HideSolutionNode = FALSE
	EndGlobalSection
	GlobalSection(ExtensibilityGlobals) = postSolution
		SolutionGuid = {9C959A4C-C1D9-4D60-9F2B-988D12081436}
	EndGlobalSection
EndGlobal
